
Microsoft Visual Studio Solution File, Format Version 12.00
# Visual Studio Version 16
VisualStudioVersion = 16.0.29215.179
MinimumVisualStudioVersion = 10.0.40219.1
Project("{FAE04EC0-301F-11D3-BF4B-00C04F79EFBC}") = "EmployeeProject", "EmployeeProject\EmployeeProject.csproj", "{AF4FEC3F-63AF-403E-8025-67262EE147D0}"
EndProject
Project("{FAE04EC0-301F-11D3-BF4B-00C04F79EFBC}") = "EmployeeLibrary", "EmployeeLibrary\EmployeeLibrary.csproj", "{0F005110-9F90-4B47-9B8A-D2132C443867}"
EndProject
Global
	GlobalSection(SolutionConfigurationPlatforms) = preSolution
		Debug|Any CPU = Debug|Any CPU
		Release|Any CPU = Release|Any CPU
	EndGlobalSection
	GlobalSection(ProjectConfigurationPlatforms) = postSolution
		{AF4FEC3F-63AF-403E-8025-67262EE147D0}.Debug|Any CPU.ActiveCfg = Debug|Any CPU
		{AF4FEC3F-63AF-403E-8025-67262EE147D0}.Debug|Any CPU.Build.0 = Debug|Any CPU
		{AF4FEC3F-63AF-403E-8025-67262EE147D0}.Release|Any CPU.ActiveCfg = Release|Any CPU
		{AF4FEC3F-63AF-403E-8025-67262EE147D0}.Release|Any CPU.Build.0 = Release|Any CPU
		{0F005110-9F90-4B47-9B8A-D2132C443867}.Debug|Any CPU.ActiveCfg = Debug|Any CPU
		{0F005110-9F90-4B47-9B8A-D2132C443867}.Debug|Any CPU.Build.0 = Debug|Any CPU
		{0F005110-9F90-4B47-9B8A-D2132C443867}.Release|Any CPU.ActiveCfg = Release|Any CPU
		{0F005110-9F90-4B47-9B8A-D2132C443867}.Release|Any CPU.Build.0 = Release|Any CPU
	EndGlobalSection
	GlobalSection(SolutionProperties) = preSolution
		HideSolutionNode = FALSE
	EndGlobalSection
	GlobalSection(ExtensibilityGlobals) = postSolution
		SolutionGuid = {71C4B24C-C7BC-4AD0-802C-C89E547E1B78}
	EndGlobalSection
EndGlobal
